GEM
  remote: https://rubygems.org/
  specs:
    addressable (2.8.0)
      public_suffix (>= 2.0.2, < 5.0)
    aws-eventstream (1.2.0)
    aws-partitions (1.601.0)
    aws-sdk-core (3.131.2)
      aws-eventstream (~> 1, >= 1.0.2)
      aws-partitions (~> 1, >= 1.525.0)
      aws-sigv4 (~> 1.1)
      jmespath (~> 1, >= 1.6.1)
    aws-sdk-firehose (1.48.0)
      aws-sdk-core (~> 3, >= 3.127.0)
      aws-sigv4 (~> 1.1)
    aws-sdk-kinesis (1.41.0)
      aws-sdk-core (~> 3, >= 3.127.0)
      aws-sigv4 (~> 1.1)
    aws-sigv4 (1.5.0)
      aws-eventstream (~> 1, >= 1.0.2)
    concurrent-ruby (1.1.10)
    cool.io (1.7.1)
    domain_name (0.5.20190701)
      unf (>= 0.0.5, < 1.0.0)
    ffi (1.15.5)
    ffi-compiler (1.0.1)
      ffi (>= 1.0.0)
      rake
    fluent-config-regexp-type (1.0.0)
      fluentd (> 1.0.0, < 2)
    fluent-plugin-concat (2.5.0)
      fluentd (>= 0.14.0, < 2)
    fluent-plugin-detect-exceptions (0.0.14)
      fluentd (>= 0.10)
    fluent-plugin-grok-parser (2.6.2)
      fluentd (>= 0.14.6, < 2)
    fluent-plugin-json-in-json-2 (1.0.2)
      fluentd (>= 0.14.0, < 2)
      yajl-ruby (~> 1.0)
    fluent-plugin-kinesis (3.4.2)
      aws-sdk-firehose (~> 1, != 1.9, != 1.5, != 1.15)
      aws-sdk-kinesis (~> 1, != 1.5, != 1.4, != 1.14)
      fluentd (>= 0.14.22, < 2)
      google-protobuf (~> 3)
    fluent-plugin-kubernetes_metadata_filter (2.11.1)
      fluentd (>= 0.14.0, < 1.15)
      kubeclient (>= 4.0.0, < 5.0.0)
      lru_redux
    fluent-plugin-multi-format-parser (1.0.0)
      fluentd (>= 0.14.0, < 2)
    fluent-plugin-parser-cri (0.1.1)
      fluentd (>= 1)
    fluent-plugin-prometheus (2.0.3)
      fluentd (>= 1.9.1, < 2)
      prometheus-client (>= 2.1.0)
    fluent-plugin-record-modifier (2.1.0)
      fluentd (>= 1.0, < 2)
    fluent-plugin-rewrite-tag-filter (2.4.0)
      fluent-config-regexp-type
      fluentd (>= 0.14.2, < 2)
    fluent-plugin-systemd (1.0.5)
      fluentd (>= 0.14.11, < 2)
      systemd-journal (~> 1.4.2)
    fluentd (1.14.6)
      bundler
      cool.io (>= 1.4.5, < 2.0.0)
      http_parser.rb (>= 0.5.1, < 0.9.0)
      msgpack (>= 1.3.1, < 2.0.0)
      serverengine (>= 2.2.5, < 3.0.0)
      sigdump (~> 0.2.2)
      strptime (>= 0.2.4, < 1.0.0)
      tzinfo (>= 1.0, < 3.0)
      tzinfo-data (~> 1.0)
      webrick (>= 1.4.2, < 1.8.0)
      yajl-ruby (~> 1.0)
    google-protobuf (3.21.2)
    http (4.4.1)
      addressable (~> 2.3)
      http-cookie (~> 1.0)
      http-form_data (~> 2.2)
      http-parser (~> 1.2.0)
    http-accept (1.7.0)
    http-cookie (1.0.5)
      domain_name (~> 0.5)
    http-form_data (2.3.0)
    http-parser (1.2.3)
      ffi-compiler (>= 1.0, < 2.0)
    http_parser.rb (0.8.0)
    jmespath (1.6.1)
    jsonpath (1.1.2)
      multi_json
    kubeclient (4.9.3)
      http (>= 3.0, < 5.0)
      jsonpath (~> 1.0)
      recursive-open-struct (~> 1.1, >= 1.1.1)
      rest-client (~> 2.0)
    lru_redux (1.1.0)
    mime-types (3.4.1)
      mime-types-data (~> 3.2015)
    mime-types-data (3.2022.0105)
    msgpack (1.5.2)
    multi_json (1.15.0)
    netrc (0.11.0)
    oj (3.11.0)
    prometheus-client (4.0.0)
    public_suffix (4.0.7)
    rake (13.0.6)
    recursive-open-struct (1.1.3)
    rest-client (2.1.0)
      http-accept (>= 1.7.0, < 2.0)
      http-cookie (>= 1.0.2, < 2.0)
      mime-types (>= 1.16, < 4.0)
      netrc (~> 0.8)
    serverengine (2.3.0)
      sigdump (~> 0.2.2)
    sigdump (0.2.4)
    strptime (0.2.5)
    systemd-journal (1.4.2)
      ffi (~> 1.9)
    tzinfo (2.0.4)
      concurrent-ruby (~> 1.0)
    tzinfo-data (1.2022.1)
      tzinfo (>= 1.0.0)
    unf (0.1.4)
      unf_ext
    unf_ext (0.0.8.2)
    webrick (1.7.0)
    yajl-ruby (1.4.3)

PLATFORMS
  ruby

DEPENDENCIES
  ffi
  fluent-plugin-concat (~> 2.5.0)
  fluent-plugin-detect-exceptions (~> 0.0.13)
  fluent-plugin-grok-parser (~> 2.6.2)
  fluent-plugin-json-in-json-2 (>= 1.0.2)
  fluent-plugin-kinesis (~> 3.4.0)
  fluent-plugin-kubernetes_metadata_filter (~> 2.11.1)
  fluent-plugin-multi-format-parser (~> 1.0.0)
  fluent-plugin-parser-cri (~> 0.1.0)
  fluent-plugin-prometheus (~> 2.0.2)
  fluent-plugin-record-modifier (~> 2.1.0)
  fluent-plugin-rewrite-tag-filter (~> 2.4.0)
  fluent-plugin-systemd (~> 1.0.5)
  fluentd (= 1.14.6)
  oj (= 3.11.0)

BUNDLED WITH
   2.2.15
